// !$*UTF8*$!
{
	archiveVersion = 1;
	classes = {
	};
	objectVersion = 77;
	objects = {

/* Begin PBXBuildFile section */
		CD22F6562CE74C2B004CD8FA /* AllTasks.swift in Sources */ = {isa = PBXBuildFile; fileRef = CD22F6552CE74C2B004CD8FA /* AllTasks.swift */; };
		CD22F6582CE74C55004CD8FA /* TaskObject.swift in Sources */ = {isa = PBXBuildFile; fileRef = CD22F6572CE74C55004CD8FA /* TaskObject.swift */; };
		CD22F65A2CE74F9E004CD8FA /* TableViewSection.swift in Sources */ = {isa = PBXBuildFile; fileRef = CD22F6592CE74F9E004CD8FA /* TableViewSection.swift */; };
		CD22F65C2CE750B3004CD8FA /* ApiManager.swift in Sources */ = {isa = PBXBuildFile; fileRef = CD22F65B2CE750B3004CD8FA /* ApiManager.swift */; };
		CD22F65E2CE750D0004CD8FA /* NetworkingError.swift in Sources */ = {isa = PBXBuildFile; fileRef = CD22F65D2CE750D0004CD8FA /* NetworkingError.swift */; };
		CD42FBE52CE66FCB00A78A1C /* UIView+Ex.swift in Sources */ = {isa = PBXBuildFile; fileRef = CD42FBE42CE66FCB00A78A1C /* UIView+Ex.swift */; };
		CDFD00082CE660680015BCC1 /* AppDelegate.swift in Sources */ = {isa = PBXBuildFile; fileRef = CDFD00072CE660680015BCC1 /* AppDelegate.swift */; };
		CDFD000C2CE660680015BCC1 /* TasksListViewController.swift in Sources */ = {isa = PBXBuildFile; fileRef = CDFD000B2CE660680015BCC1 /* TasksListViewController.swift */; };
		CDFD00112CE6606A0015BCC1 /* Assets.xcassets in Resources */ = {isa = PBXBuildFile; fileRef = CDFD00102CE6606A0015BCC1 /* Assets.xcassets */; };
		CDFD00142CE6606A0015BCC1 /* LaunchScreen.storyboard in Resources */ = {isa = PBXBuildFile; fileRef = CDFD00122CE6606A0015BCC1 /* LaunchScreen.storyboard */; };
		CDFD001D2CE6613D0015BCC1 /* TasksListViewModel.swift in Sources */ = {isa = PBXBuildFile; fileRef = CDFD001C2CE6613D0015BCC1 /* TasksListViewModel.swift */; };
		CDFD00222CE663E70015BCC1 /* UIColor+Ex.swift in Sources */ = {isa = PBXBuildFile; fileRef = CDFD00212CE663E70015BCC1 /* UIColor+Ex.swift */; };
		CDFD00252CE667FA0015BCC1 /* String+Ex.swift in Sources */ = {isa = PBXBuildFile; fileRef = CDFD00242CE667FA0015BCC1 /* String+Ex.swift */; };
		CDFD00272CE66A280015BCC1 /* TaskTableViewCell.swift in Sources */ = {isa = PBXBuildFile; fileRef = CDFD00262CE66A280015BCC1 /* TaskTableViewCell.swift */; };
		CDFD002A2CE66BBF0015BCC1 /* SnapKit in Frameworks */ = {isa = PBXBuildFile; productRef = CDFD00292CE66BBF0015BCC1 /* SnapKit */; };
/* End PBXBuildFile section */

/* Begin PBXFileReference section */
		CD22F6552CE74C2B004CD8FA /* AllTasks.swift */ = {isa = PBXFileReference; lastKnownFileType = sourcecode.swift; path = AllTasks.swift; sourceTree = "<group>"; };
		CD22F6572CE74C55004CD8FA /* TaskObject.swift */ = {isa = PBXFileReference; lastKnownFileType = sourcecode.swift; path = TaskObject.swift; sourceTree = "<group>"; };
		CD22F6592CE74F9E004CD8FA /* TableViewSection.swift */ = {isa = PBXFileReference; lastKnownFileType = sourcecode.swift; path = TableViewSection.swift; sourceTree = "<group>"; };
		CD22F65B2CE750B3004CD8FA /* ApiManager.swift */ = {isa = PBXFileReference; lastKnownFileType = sourcecode.swift; path = ApiManager.swift; sourceTree = "<group>"; };
		CD22F65D2CE750D0004CD8FA /* NetworkingError.swift */ = {isa = PBXFileReference; lastKnownFileType = sourcecode.swift; path = NetworkingError.swift; sourceTree = "<group>"; };
		CD42FBE42CE66FCB00A78A1C /* UIView+Ex.swift */ = {isa = PBXFileReference; lastKnownFileType = sourcecode.swift; path = "UIView+Ex.swift"; sourceTree = "<group>"; };
		CDFD00042CE660680015BCC1 /* ToDoList.app */ = {isa = PBXFileReference; explicitFileType = wrapper.application; includeInIndex = 0; path = ToDoList.app; sourceTree = BUILT_PRODUCTS_DIR; };
		CDFD00072CE660680015BCC1 /* AppDelegate.swift */ = {isa = PBXFileReference; lastKnownFileType = sourcecode.swift; path = AppDelegate.swift; sourceTree = "<group>"; };
		CDFD000B2CE660680015BCC1 /* TasksListViewController.swift */ = {isa = PBXFileReference; lastKnownFileType = sourcecode.swift; path = TasksListViewController.swift; sourceTree = "<group>"; };
		CDFD00102CE6606A0015BCC1 /* Assets.xcassets */ = {isa = PBXFileReference; lastKnownFileType = folder.assetcatalog; path = Assets.xcassets; sourceTree = "<group>"; };
		CDFD00132CE6606A0015BCC1 /* Base */ = {isa = PBXFileReference; lastKnownFileType = file.storyboard; name = Base; path = Base.lproj/LaunchScreen.storyboard; sourceTree = "<group>"; };
		CDFD00152CE6606A0015BCC1 /* Info.plist */ = {isa = PBXFileReference; lastKnownFileType = text.plist.xml; path = Info.plist; sourceTree = "<group>"; };
		CDFD001C2CE6613D0015BCC1 /* TasksListViewModel.swift */ = {isa = PBXFileReference; lastKnownFileType = sourcecode.swift; path = TasksListViewModel.swift; sourceTree = "<group>"; };
		CDFD00212CE663E70015BCC1 /* UIColor+Ex.swift */ = {isa = PBXFileReference; lastKnownFileType = sourcecode.swift; path = "UIColor+Ex.swift"; sourceTree = "<group>"; };
		CDFD00242CE667FA0015BCC1 /* String+Ex.swift */ = {isa = PBXFileReference; lastKnownFileType = sourcecode.swift; path = "String+Ex.swift"; sourceTree = "<group>"; };
		CDFD00262CE66A280015BCC1 /* TaskTableViewCell.swift */ = {isa = PBXFileReference; lastKnownFileType = sourcecode.swift; path = TaskTableViewCell.swift; sourceTree = "<group>"; };
/* End PBXFileReference section */

/* Begin PBXFrameworksBuildPhase section */
		CDFD00012CE660680015BCC1 /* Frameworks */ = {
			isa = PBXFrameworksBuildPhase;
			buildActionMask = 2147483647;
			files = (
				CDFD002A2CE66BBF0015BCC1 /* SnapKit in Frameworks */,
			);
			runOnlyForDeploymentPostprocessing = 0;
		};
/* End PBXFrameworksBuildPhase section */

/* Begin PBXGroup section */
		CD22F65F2CE7510B004CD8FA /* Networking */ = {
			isa = PBXGroup;
			children = (
				CD22F65B2CE750B3004CD8FA /* ApiManager.swift */,
				CD22F65D2CE750D0004CD8FA /* NetworkingError.swift */,
			);
			path = Networking;
			sourceTree = "<group>";
		};
		CDA9A8F72CE7908C000154AF /* View */ = {
			isa = PBXGroup;
			children = (
				CDFD000B2CE660680015BCC1 /* TasksListViewController.swift */,
				CDFD00262CE66A280015BCC1 /* TaskTableViewCell.swift */,
			);
			path = View;
			sourceTree = "<group>";
		};
		CDA9A8F82CE7909D000154AF /* Model */ = {
			isa = PBXGroup;
			children = (
				CD22F6552CE74C2B004CD8FA /* AllTasks.swift */,
				CD22F6572CE74C55004CD8FA /* TaskObject.swift */,
				CD22F6592CE74F9E004CD8FA /* TableViewSection.swift */,
			);
			path = Model;
			sourceTree = "<group>";
		};
		CDA9A8F92CE790AD000154AF /* ViewModel */ = {
			isa = PBXGroup;
			children = (
				CDFD001C2CE6613D0015BCC1 /* TasksListViewModel.swift */,
			);
			path = ViewModel;
			sourceTree = "<group>";
		};
		CDFD00052CE660680015BCC1 /* Products */ = {
			isa = PBXGroup;
			children = (
				CDFD00042CE660680015BCC1 /* ToDoList.app */,
			);
			name = Products;
			sourceTree = "<group>";
		};
		CDFD001E2CE662810015BCC1 /* Resourses */ = {
			isa = PBXGroup;
			children = (
				CDFD00072CE660680015BCC1 /* AppDelegate.swift */,
				CDFD00102CE6606A0015BCC1 /* Assets.xcassets */,
				CDFD00152CE6606A0015BCC1 /* Info.plist */,
				CDFD00122CE6606A0015BCC1 /* LaunchScreen.storyboard */,
			);
			path = Resourses;
			sourceTree = "<group>";
		};
		CDFD001F2CE6628E0015BCC1 /* Tasks List */ = {
			isa = PBXGroup;
			children = (
				CDA9A8F82CE7909D000154AF /* Model */,
				CDA9A8F72CE7908C000154AF /* View */,
				CDA9A8F92CE790AD000154AF /* ViewModel */,
			);
			path = "Tasks List";
			sourceTree = "<group>";
		};
		CDFD00232CE667740015BCC1 /* Extentions */ = {
			isa = PBXGroup;
			children = (
				CDFD00212CE663E70015BCC1 /* UIColor+Ex.swift */,
				CD42FBE42CE66FCB00A78A1C /* UIView+Ex.swift */,
				CDFD00242CE667FA0015BCC1 /* String+Ex.swift */,
			);
			path = Extentions;
			sourceTree = "<group>";
		};
		CDFDFFFB2CE660680015BCC1 = {
			isa = PBXGroup;
			children = (
				CDFD001F2CE6628E0015BCC1 /* Tasks List */,
				CD22F65F2CE7510B004CD8FA /* Networking */,
				CDFD001E2CE662810015BCC1 /* Resourses */,
				CDFD00232CE667740015BCC1 /* Extentions */,
				CDFD00052CE660680015BCC1 /* Products */,
			);
			sourceTree = "<group>";
		};
/* End PBXGroup section */

/* Begin PBXNativeTarget section */
		CDFD00032CE660680015BCC1 /* ToDoList */ = {
			isa = PBXNativeTarget;
			buildConfigurationList = CDFD00172CE6606A0015BCC1 /* Build configuration list for PBXNativeTarget "ToDoList" */;
			buildPhases = (
				CDFD00002CE660680015BCC1 /* Sources */,
				CDFD00012CE660680015BCC1 /* Frameworks */,
				CDFD00022CE660680015BCC1 /* Resources */,
			);
			buildRules = (
			);
			dependencies = (
			);
			name = ToDoList;
			packageProductDependencies = (
				CDFD00292CE66BBF0015BCC1 /* SnapKit */,
			);
			productName = ToDoList;
			productReference = CDFD00042CE660680015BCC1 /* ToDoList.app */;
			productType = "com.apple.product-type.application";
		};
/* End PBXNativeTarget section */

/* Begin PBXProject section */
		CDFDFFFC2CE660680015BCC1 /* Project object */ = {
			isa = PBXProject;
			attributes = {
				BuildIndependentTargetsInParallel = 1;
				LastSwiftUpdateCheck = 1600;
				LastUpgradeCheck = 1600;
				TargetAttributes = {
					CDFD00032CE660680015BCC1 = {
						CreatedOnToolsVersion = 16.0;
					};
				};
			};
			buildConfigurationList = CDFDFFFF2CE660680015BCC1 /* Build configuration list for PBXProject "ToDoList" */;
			developmentRegion = en;
			hasScannedForEncodings = 0;
			knownRegions = (
				en,
				Base,
			);
			mainGroup = CDFDFFFB2CE660680015BCC1;
			minimizedProjectReferenceProxies = 1;
			packageReferences = (
				CDFD00282CE66BBF0015BCC1 /* XCRemoteSwiftPackageReference "SnapKit" */,
			);
			preferredProjectObjectVersion = 77;
			productRefGroup = CDFD00052CE660680015BCC1 /* Products */;
			projectDirPath = "";
			projectRoot = "";
			targets = (
				CDFD00032CE660680015BCC1 /* ToDoList */,
			);
		};
/* End PBXProject section */

/* Begin PBXResourcesBuildPhase section */
		CDFD00022CE660680015BCC1 /* Resources */ = {
			isa = PBXResourcesBuildPhase;
			buildActionMask = 2147483647;
			files = (
				CDFD00142CE6606A0015BCC1 /* LaunchScreen.storyboard in Resources */,
				CDFD00112CE6606A0015BCC1 /* Assets.xcassets in Resources */,
			);
			runOnlyForDeploymentPostprocessing = 0;
		};
/* End PBXResourcesBuildPhase section */

/* Begin PBXSourcesBuildPhase section */
		CDFD00002CE660680015BCC1 /* Sources */ = {
			isa = PBXSourcesBuildPhase;
			buildActionMask = 2147483647;
			files = (
				CD22F6562CE74C2B004CD8FA /* AllTasks.swift in Sources */,
				CDFD000C2CE660680015BCC1 /* TasksListViewController.swift in Sources */,
				CD22F6582CE74C55004CD8FA /* TaskObject.swift in Sources */,
				CD22F65A2CE74F9E004CD8FA /* TableViewSection.swift in Sources */,
				CDFD00252CE667FA0015BCC1 /* String+Ex.swift in Sources */,
				CDFD00272CE66A280015BCC1 /* TaskTableViewCell.swift in Sources */,
				CD22F65C2CE750B3004CD8FA /* ApiManager.swift in Sources */,
				CDFD00222CE663E70015BCC1 /* UIColor+Ex.swift in Sources */,
				CDFD00082CE660680015BCC1 /* AppDelegate.swift in Sources */,
				CDFD001D2CE6613D0015BCC1 /* TasksListViewModel.swift in Sources */,
				CD22F65E2CE750D0004CD8FA /* NetworkingError.swift in Sources */,
				CD42FBE52CE66FCB00A78A1C /* UIView+Ex.swift in Sources */,
			);
			runOnlyForDeploymentPostprocessing = 0;
		};
/* End PBXSourcesBuildPhase section */

/* Begin PBXVariantGroup section */
		CDFD00122CE6606A0015BCC1 /* LaunchScreen.storyboard */ = {
			isa = PBXVariantGroup;
			children = (
				CDFD00132CE6606A0015BCC1 /* Base */,
			);
			name = LaunchScreen.storyboard;
			sourceTree = "<group>";
		};
/* End PBXVariantGroup section */

/* Begin XCBuildConfiguration section */
		CDFD00182CE6606A0015BCC1 /* Debug */ = {
			isa = XCBuildConfiguration;
			buildSettings = {
				ASSETCATALOG_COMPILER_APPICON_NAME = AppIcon;
				ASSETCATALOG_COMPILER_GLOBAL_ACCENT_COLOR_NAME = AccentColor;
				CODE_SIGN_STYLE = Automatic;
				CURRENT_PROJECT_VERSION = 1;
				DEVELOPMENT_TEAM = BAS7YWT36K;
				GENERATE_INFOPLIST_FILE = YES;
				INFOPLIST_FILE = Resourses/Info.plist;
				INFOPLIST_KEY_UIApplicationSupportsIndirectInputEvents = YES;
				INFOPLIST_KEY_UILaunchStoryboardName = LaunchScreen;
				INFOPLIST_KEY_UISupportedInterfaceOrientations_iPad = "UIInterfaceOrientationPortrait UIInterfaceOrientationPortraitUpsideDown UIInterfaceOrientationLandscapeLeft UIInterfaceOrientationLandscapeRight";
				INFOPLIST_KEY_UISupportedInterfaceOrientations_iPhone = "UIInterfaceOrientationPortrait UIInterfaceOrientationLandscapeLeft UIInterfaceOrientationLandscapeRight";
				LD_RUNPATH_SEARCH_PATHS = (
					"$(inherited)",
					"@executable_path/Frameworks",
				);
				MARKETING_VERSION = 1.0;
				PRODUCT_BUNDLE_IDENTIFIER = SandBox.ToDoList;
				PRODUCT_NAME = "$(TARGET_NAME)";
				SWIFT_EMIT_LOC_STRINGS = YES;
				SWIFT_VERSION = 5.0;
				TARGETED_DEVICE_FAMILY = "1,2";
			};
			name = Debug;
		};
		CDFD00192CE6606A0015BCC1 /* Release */ = {
			isa = XCBuildConfiguration;
			buildSettings = {
				ASSETCATALOG_COMPILER_APPICON_NAME = AppIcon;
				ASSETCATALOG_COMPILER_GLOBAL_ACCENT_COLOR_NAME = AccentColor;
				CODE_SIGN_STYLE = Automatic;
				CURRENT_PROJECT_VERSION = 1;
				DEVELOPMENT_TEAM = BAS7YWT36K;
				GENERATE_INFOPLIST_FILE = YES;
				INFOPLIST_FILE = Resourses/Info.plist;
				INFOPLIST_KEY_UIApplicationSupportsIndirectInputEvents = YES;
				INFOPLIST_KEY_UILaunchStoryboardName = LaunchScreen;
				INFOPLIST_KEY_UISupportedInterfaceOrientations_iPad = "UIInterfaceOrientationPortrait UIInterfaceOrientationPortraitUpsideDown UIInterfaceOrientationLandscapeLeft UIInterfaceOrientationLandscapeRight";
				INFOPLIST_KEY_UISupportedInterfaceOrientations_iPhone = "UIInterfaceOrientationPortrait UIInterfaceOrientationLandscapeLeft UIInterfaceOrientationLandscapeRight";
				LD_RUNPATH_SEARCH_PATHS = (
					"$(inherited)",
					"@executable_path/Frameworks",
				);
				MARKETING_VERSION = 1.0;
				PRODUCT_BUNDLE_IDENTIFIER = SandBox.ToDoList;
				PRODUCT_NAME = "$(TARGET_NAME)";
				SWIFT_EMIT_LOC_STRINGS = YES;
				SWIFT_VERSION = 5.0;
				TARGETED_DEVICE_FAMILY = "1,2";
			};
			name = Release;
		};
		CDFD001A2CE6606A0015BCC1 /* Debug */ = {
			isa = XCBuildConfiguration;
			buildSettings = {
				ALWAYS_SEARCH_USER_PATHS = NO;
				ASSETCATALOG_COMPILER_GENERATE_SWIFT_ASSET_SYMBOL_EXTENSIONS = YES;
				CLANG_ANALYZER_NONNULL = YES;
				CLANG_ANALYZER_NUMBER_OBJECT_CONVERSION = YES_AGGRESSIVE;
				CLANG_CXX_LANGUAGE_STANDARD = "gnu++20";
				CLANG_ENABLE_MODULES = YES;
				CLANG_ENABLE_OBJC_ARC = YES;
				CLANG_ENABLE_OBJC_WEAK = YES;
				CLANG_WARN_BLOCK_CAPTURE_AUTORELEASING = YES;
				CLANG_WARN_BOOL_CONVERSION = YES;
				CLANG_WARN_COMMA = YES;
				CLANG_WARN_CONSTANT_CONVERSION = YES;
				CLANG_WARN_DEPRECATED_OBJC_IMPLEMENTATIONS = YES;
				CLANG_WARN_DIRECT_OBJC_ISA_USAGE = YES_ERROR;
				CLANG_WARN_DOCUMENTATION_COMMENTS = YES;
				CLANG_WARN_EMPTY_BODY = YES;
				CLANG_WARN_ENUM_CONVERSION = YES;
				CLANG_WARN_INFINITE_RECURSION = YES;
				CLANG_WARN_INT_CONVERSION = YES;
				CLANG_WARN_NON_LITERAL_NULL_CONVERSION = YES;
				CLANG_WARN_OBJC_IMPLICIT_RETAIN_SELF = YES;
				CLANG_WARN_OBJC_LITERAL_CONVERSION = YES;
				CLANG_WARN_OBJC_ROOT_CLASS = YES_ERROR;
				CLANG_WARN_QUOTED_INCLUDE_IN_FRAMEWORK_HEADER = YES;
				CLANG_WARN_RANGE_LOOP_ANALYSIS = YES;
				CLANG_WARN_STRICT_PROTOTYPES = YES;
				CLANG_WARN_SUSPICIOUS_MOVE = YES;
				CLANG_WARN_UNGUARDED_AVAILABILITY = YES_AGGRESSIVE;
				CLANG_WARN_UNREACHABLE_CODE = YES;
				CLANG_WARN__DUPLICATE_METHOD_MATCH = YES;
				COPY_PHASE_STRIP = NO;
				DEBUG_INFORMATION_FORMAT = dwarf;
				ENABLE_STRICT_OBJC_MSGSEND = YES;
				ENABLE_TESTABILITY = YES;
				ENABLE_USER_SCRIPT_SANDBOXING = YES;
				GCC_C_LANGUAGE_STANDARD = gnu17;
				GCC_DYNAMIC_NO_PIC = NO;
				GCC_NO_COMMON_BLOCKS = YES;
				GCC_OPTIMIZATION_LEVEL = 0;
				GCC_PREPROCESSOR_DEFINITIONS = (
					"DEBUG=1",
					"$(inherited)",
				);
				GCC_WARN_64_TO_32_BIT_CONVERSION = YES;
				GCC_WARN_ABOUT_RETURN_TYPE = YES_ERROR;
				GCC_WARN_UNDECLARED_SELECTOR = YES;
				GCC_WARN_UNINITIALIZED_AUTOS = YES_AGGRESSIVE;
				GCC_WARN_UNUSED_FUNCTION = YES;
				GCC_WARN_UNUSED_VARIABLE = YES;
				IPHONEOS_DEPLOYMENT_TARGET = 18.0;
				LOCALIZATION_PREFERS_STRING_CATALOGS = YES;
				MTL_ENABLE_DEBUG_INFO = INCLUDE_SOURCE;
				MTL_FAST_MATH = YES;
				ONLY_ACTIVE_ARCH = YES;
				SDKROOT = iphoneos;
				SWIFT_ACTIVE_COMPILATION_CONDITIONS = "DEBUG $(inherited)";
				SWIFT_OPTIMIZATION_LEVEL = "-Onone";
			};
			name = Debug;
		};
		CDFD001B2CE6606A0015BCC1 /* Release */ = {
			isa = XCBuildConfiguration;
			buildSettings = {
				ALWAYS_SEARCH_USER_PATHS = NO;
				ASSETCATALOG_COMPILER_GENERATE_SWIFT_ASSET_SYMBOL_EXTENSIONS = YES;
				CLANG_ANALYZER_NONNULL = YES;
				CLANG_ANALYZER_NUMBER_OBJECT_CONVERSION = YES_AGGRESSIVE;
				CLANG_CXX_LANGUAGE_STANDARD = "gnu++20";
				CLANG_ENABLE_MODULES = YES;
				CLANG_ENABLE_OBJC_ARC = YES;
				CLANG_ENABLE_OBJC_WEAK = YES;
				CLANG_WARN_BLOCK_CAPTURE_AUTORELEASING = YES;
				CLANG_WARN_BOOL_CONVERSION = YES;
				CLANG_WARN_COMMA = YES;
				CLANG_WARN_CONSTANT_CONVERSION = YES;
				CLANG_WARN_DEPRECATED_OBJC_IMPLEMENTATIONS = YES;
				CLANG_WARN_DIRECT_OBJC_ISA_USAGE = YES_ERROR;
				CLANG_WARN_DOCUMENTATION_COMMENTS = YES;
				CLANG_WARN_EMPTY_BODY = YES;
				CLANG_WARN_ENUM_CONVERSION = YES;
				CLANG_WARN_INFINITE_RECURSION = YES;
				CLANG_WARN_INT_CONVERSION = YES;
				CLANG_WARN_NON_LITERAL_NULL_CONVERSION = YES;
				CLANG_WARN_OBJC_IMPLICIT_RETAIN_SELF = YES;
				CLANG_WARN_OBJC_LITERAL_CONVERSION = YES;
				CLANG_WARN_OBJC_ROOT_CLASS = YES_ERROR;
				CLANG_WARN_QUOTED_INCLUDE_IN_FRAMEWORK_HEADER = YES;
				CLANG_WARN_RANGE_LOOP_ANALYSIS = YES;
				CLANG_WARN_STRICT_PROTOTYPES = YES;
				CLANG_WARN_SUSPICIOUS_MOVE = YES;
				CLANG_WARN_UNGUARDED_AVAILABILITY = YES_AGGRESSIVE;
				CLANG_WARN_UNREACHABLE_CODE = YES;
				CLANG_WARN__DUPLICATE_METHOD_MATCH = YES;
				COPY_PHASE_STRIP = NO;
				DEBUG_INFORMATION_FORMAT = "dwarf-with-dsym";
				ENABLE_NS_ASSERTIONS = NO;
				ENABLE_STRICT_OBJC_MSGSEND = YES;
				ENABLE_USER_SCRIPT_SANDBOXING = YES;
				GCC_C_LANGUAGE_STANDARD = gnu17;
				GCC_NO_COMMON_BLOCKS = YES;
				GCC_WARN_64_TO_32_BIT_CONVERSION = YES;
				GCC_WARN_ABOUT_RETURN_TYPE = YES_ERROR;
				GCC_WARN_UNDECLARED_SELECTOR = YES;
				GCC_WARN_UNINITIALIZED_AUTOS = YES_AGGRESSIVE;
				GCC_WARN_UNUSED_FUNCTION = YES;
				GCC_WARN_UNUSED_VARIABLE = YES;
				IPHONEOS_DEPLOYMENT_TARGET = 18.0;
				LOCALIZATION_PREFERS_STRING_CATALOGS = YES;
				MTL_ENABLE_DEBUG_INFO = NO;
				MTL_FAST_MATH = YES;
				SDKROOT = iphoneos;
				SWIFT_COMPILATION_MODE = wholemodule;
				VALIDATE_PRODUCT = YES;
			};
			name = Release;
		};
/* End XCBuildConfiguration section */

/* Begin XCConfigurationList section */
		CDFD00172CE6606A0015BCC1 /* Build configuration list for PBXNativeTarget "ToDoList" */ = {
			isa = XCConfigurationList;
			buildConfigurations = (
				CDFD00182CE6606A0015BCC1 /* Debug */,
				CDFD00192CE6606A0015BCC1 /* Release */,
			);
			defaultConfigurationIsVisible = 0;
			defaultConfigurationName = Release;
		};
		CDFDFFFF2CE660680015BCC1 /* Build configuration list for PBXProject "ToDoList" */ = {
			isa = XCConfigurationList;
			buildConfigurations = (
				CDFD001A2CE6606A0015BCC1 /* Debug */,
				CDFD001B2CE6606A0015BCC1 /* Release */,
			);
			defaultConfigurationIsVisible = 0;
			defaultConfigurationName = Release;
		};
/* End XCConfigurationList section */

/* Begin XCRemoteSwiftPackageReference section */
		CDFD00282CE66BBF0015BCC1 /* XCRemoteSwiftPackageReference "SnapKit" */ = {
			isa = XCRemoteSwiftPackageReference;
			repositoryURL = "https://github.com/SnapKit/SnapKit.git";
			requirement = {
				kind = upToNextMajorVersion;
				minimumVersion = 5.7.1;
			};
		};
/* End XCRemoteSwiftPackageReference section */

/* Begin XCSwiftPackageProductDependency section */
		CDFD00292CE66BBF0015BCC1 /* SnapKit */ = {
			isa = XCSwiftPackageProductDependency;
			package = CDFD00282CE66BBF0015BCC1 /* XCRemoteSwiftPackageReference "SnapKit" */;
			productName = SnapKit;
		};
/* End XCSwiftPackageProductDependency section */
	};
	rootObject = CDFDFFFC2CE660680015BCC1 /* Project object */;
}
